
Microsoft Visual Studio Solution File, Format Version 12.00
# Visual Studio Version 17
VisualStudioVersion = 17.3.32811.315
MinimumVisualStudioVersion = 10.0.40219.1
Project("{FAE04EC0-301F-11D3-BF4B-00C04F79EFBC}") = "Variables and numbers", "Variables and numbers\Variables and numbers.csproj", "{672D180B-993F-4BCA-8C71-5785C253681A}"
EndProject
Global
	GlobalSection(SolutionConfigurationPlatforms) = preSolution
		Debug|Any CPU = Debug|Any CPU
		Release|Any CPU = Release|Any CPU
	EndGlobalSection
	GlobalSection(ProjectConfigurationPlatforms) = postSolution
		{672D180B-993F-4BCA-8C71-5785C253681A}.Debug|Any CPU.ActiveCfg = Debug|Any CPU
		{672D180B-993F-4BCA-8C71-5785C253681A}.Debug|Any CPU.Build.0 = Debug|Any CPU
		{672D180B-993F-4BCA-8C71-5785C253681A}.Release|Any CPU.ActiveCfg = Release|Any CPU
		{672D180B-993F-4BCA-8C71-5785C253681A}.Release|Any CPU.Build.0 = Release|Any CPU
	EndGlobalSection
	GlobalSection(SolutionProperties) = preSolution
		HideSolutionNode = FALSE
	EndGlobalSection
	GlobalSection(ExtensibilityGlobals) = postSolution
		SolutionGuid = {AC0B2B65-5630-4341-8B3A-EEBC30AE1673}
	EndGlobalSection
EndGlobal
